
Microsoft Visual Studio Solution File, Format Version 12.00
# Visual Studio 15
VisualStudioVersion = 15.0.28307.539
MinimumVisualStudioVersion = 10.0.40219.1
Project("{FAE04EC0-301F-11D3-BF4B-00C04F79EFBC}") = "ProteinSystem", "CommonUtility\ProteinSystem.csproj", "{DD1F06DC-0FBA-40DB-BB49-FAB46E74EC22}"
EndProject
Project("{FAE04EC0-301F-11D3-BF4B-00C04F79EFBC}") = "ProteinSystem.Repository", "CodeFirstORM\ProteinSystem.Repository.csproj", "{39CAD8BE-A7B8-446C-8392-175303A8E78E}"
EndProject
Project("{FAE04EC0-301F-11D3-BF4B-00C04F79EFBC}") = "ProteinSystem.Test", "Test\ProteinSystem.Test.csproj", "{508D8DA4-D1C4-43A6-931E-DF6F015808D3}"
EndProject
Project("{FAE04EC0-301F-11D3-BF4B-00C04F79EFBC}") = "PorteinSystem.Service", "Service\PorteinSystem.Service.csproj", "{AFA94511-B5A8-46FA-B591-F8D399DFAFF3}"
EndProject
Project("{FAE04EC0-301F-11D3-BF4B-00C04F79EFBC}") = "Setup", "Setup\Setup.csproj", "{04A2D40C-4263-4802-98BA-4F2848F2F6FE}"
EndProject
Project("{FAE04EC0-301F-11D3-BF4B-00C04F79EFBC}") = "ProteinSystem.StockController", "Controller\ProteinSystem.StockController.csproj", "{8281E164-F60B-43DD-A01D-1CEA072D8C8E}"
EndProject
Project("{FAE04EC0-301F-11D3-BF4B-00C04F79EFBC}") = "ProteinSystem.StockView", "View\ProteinSystem.StockView.csproj", "{8A4B1C9C-39B9-40B0-993F-245C0675C1EC}"
EndProject
Project("{54435603-DBB4-11D2-8724-00A0C9A8B90C}") = "Install", "Install\Install.vdproj", "{535FE483-BBA4-4B58-B3B3-BA3E0D94AE65}"
EndProject
Project("{FAE04EC0-301F-11D3-BF4B-00C04F79EFBC}") = "ProteinSystem.Website", "ProteinSystem.Website\ProteinSystem.Website.csproj", "{5734FDE3-8C79-42E1-8F5E-952C1AAFA8DF}"
EndProject
Project("{FAE04EC0-301F-11D3-BF4B-00C04F79EFBC}") = "ProteinSystem.SaleListForm", "ProteinSystem.SaleListForm\ProteinSystem.SaleListForm.csproj", "{524CC095-FE2D-41AD-9B99-29090B72989B}"
EndProject
Project("{FAE04EC0-301F-11D3-BF4B-00C04F79EFBC}") = "ProteinSystem.API", "ProteinSystem.API\ProteinSystem.API.csproj", "{0D3FFFF1-219A-4596-8F1A-153284183579}"
EndProject
Project("{FAE04EC0-301F-11D3-BF4B-00C04F79EFBC}") = "ProteinSystem.AdminConsole", "ProteinSystem.AdminConsole\ProteinSystem.AdminConsole.csproj", "{226EEA9B-80BC-495C-92AA-AF889F6A6D7C}"
EndProject
Global
	GlobalSection(SolutionConfigurationPlatforms) = preSolution
		Debug|Any CPU = Debug|Any CPU
		Debug|ARM = Debug|ARM
		Debug|ARM64 = Debug|ARM64
		Debug|x64 = Debug|x64
		Debug|x86 = Debug|x86
		Release|Any CPU = Release|Any CPU
		Release|ARM = Release|ARM
		Release|ARM64 = Release|ARM64
		Release|x64 = Release|x64
		Release|x86 = Release|x86
		Debug|iPhoneSimulator = Debug|iPhoneSimulator
		Release|iPhoneSimulator = Release|iPhoneSimulator
		Debug|iPhone = Debug|iPhone
		Release|iPhone = Release|iPhone
	EndGlobalSection
	GlobalSection(ProjectConfigurationPlatforms) = postSolution
		{DD1F06DC-0FBA-40DB-BB49-FAB46E74EC22}.Debug|Any CPU.ActiveCfg = Debug|Any CPU
		{DD1F06DC-0FBA-40DB-BB49-FAB46E74EC22}.Debug|Any CPU.Build.0 = Debug|Any CPU
		{DD1F06DC-0FBA-40DB-BB49-FAB46E74EC22}.Debug|ARM.ActiveCfg = Debug|Any CPU
		{DD1F06DC-0FBA-40DB-BB49-FAB46E74EC22}.Debug|ARM.Build.0 = Debug|Any CPU
		{DD1F06DC-0FBA-40DB-BB49-FAB46E74EC22}.Debug|ARM64.ActiveCfg = Debug|Any CPU
		{DD1F06DC-0FBA-40DB-BB49-FAB46E74EC22}.Debug|ARM64.Build.0 = Debug|Any CPU
		{DD1F06DC-0FBA-40DB-BB49-FAB46E74EC22}.Debug|x64.ActiveCfg = Debug|Any CPU
		{DD1F06DC-0FBA-40DB-BB49-FAB46E74EC22}.Debug|x64.Build.0 = Debug|Any CPU
		{DD1F06DC-0FBA-40DB-BB49-FAB46E74EC22}.Debug|x86.ActiveCfg = Debug|Any CPU
		{DD1F06DC-0FBA-40DB-BB49-FAB46E74EC22}.Debug|x86.Build.0 = Debug|Any CPU
		{DD1F06DC-0FBA-40DB-BB49-FAB46E74EC22}.Release|Any CPU.ActiveCfg = Release|Any CPU
		{DD1F06DC-0FBA-40DB-BB49-FAB46E74EC22}.Release|Any CPU.Build.0 = Release|Any CPU
		{DD1F06DC-0FBA-40DB-BB49-FAB46E74EC22}.Release|ARM.ActiveCfg = Release|Any CPU
		{DD1F06DC-0FBA-40DB-BB49-FAB46E74EC22}.Release|ARM.Build.0 = Release|Any CPU
		{DD1F06DC-0FBA-40DB-BB49-FAB46E74EC22}.Release|ARM64.ActiveCfg = Release|Any CPU
		{DD1F06DC-0FBA-40DB-BB49-FAB46E74EC22}.Release|ARM64.Build.0 = Release|Any CPU
		{DD1F06DC-0FBA-40DB-BB49-FAB46E74EC22}.Release|x64.ActiveCfg = Release|Any CPU
		{DD1F06DC-0FBA-40DB-BB49-FAB46E74EC22}.Release|x64.Build.0 = Release|Any CPU
		{DD1F06DC-0FBA-40DB-BB49-FAB46E74EC22}.Release|x86.ActiveCfg = Release|Any CPU
		{DD1F06DC-0FBA-40DB-BB49-FAB46E74EC22}.Release|x86.Build.0 = Release|Any CPU
		{DD1F06DC-0FBA-40DB-BB49-FAB46E74EC22}.Debug|iPhoneSimulator.ActiveCfg = Debug|Any CPU
		{DD1F06DC-0FBA-40DB-BB49-FAB46E74EC22}.Debug|iPhoneSimulator.Build.0 = Debug|Any CPU
		{DD1F06DC-0FBA-40DB-BB49-FAB46E74EC22}.Release|iPhoneSimulator.ActiveCfg = Release|Any CPU
		{DD1F06DC-0FBA-40DB-BB49-FAB46E74EC22}.Release|iPhoneSimulator.Build.0 = Release|Any CPU
		{DD1F06DC-0FBA-40DB-BB49-FAB46E74EC22}.Debug|iPhone.ActiveCfg = Debug|Any CPU
		{DD1F06DC-0FBA-40DB-BB49-FAB46E74EC22}.Debug|iPhone.Build.0 = Debug|Any CPU
		{DD1F06DC-0FBA-40DB-BB49-FAB46E74EC22}.Release|iPhone.ActiveCfg = Release|Any CPU
		{DD1F06DC-0FBA-40DB-BB49-FAB46E74EC22}.Release|iPhone.Build.0 = Release|Any CPU
		{39CAD8BE-A7B8-446C-8392-175303A8E78E}.Debug|Any CPU.ActiveCfg = Debug|Any CPU
		{39CAD8BE-A7B8-446C-8392-175303A8E78E}.Debug|Any CPU.Build.0 = Debug|Any CPU
		{39CAD8BE-A7B8-446C-8392-175303A8E78E}.Debug|ARM.ActiveCfg = Debug|Any CPU
		{39CAD8BE-A7B8-446C-8392-175303A8E78E}.Debug|ARM.Build.0 = Debug|Any CPU
		{39CAD8BE-A7B8-446C-8392-175303A8E78E}.Debug|ARM64.ActiveCfg = Debug|Any CPU
		{39CAD8BE-A7B8-446C-8392-175303A8E78E}.Debug|ARM64.Build.0 = Debug|Any CPU
		{39CAD8BE-A7B8-446C-8392-175303A8E78E}.Debug|x64.ActiveCfg = Debug|Any CPU
		{39CAD8BE-A7B8-446C-8392-175303A8E78E}.Debug|x64.Build.0 = Debug|Any CPU
		{39CAD8BE-A7B8-446C-8392-175303A8E78E}.Debug|x86.ActiveCfg = Debug|Any CPU
		{39CAD8BE-A7B8-446C-8392-175303A8E78E}.Debug|x86.Build.0 = Debug|Any CPU
		{39CAD8BE-A7B8-446C-8392-175303A8E78E}.Release|Any CPU.ActiveCfg = Release|Any CPU
		{39CAD8BE-A7B8-446C-8392-175303A8E78E}.Release|Any CPU.Build.0 = Release|Any CPU
		{39CAD8BE-A7B8-446C-8392-175303A8E78E}.Release|ARM.ActiveCfg = Release|Any CPU
		{39CAD8BE-A7B8-446C-8392-175303A8E78E}.Release|ARM.Build.0 = Release|Any CPU
		{39CAD8BE-A7B8-446C-8392-175303A8E78E}.Release|ARM64.ActiveCfg = Release|Any CPU
		{39CAD8BE-A7B8-446C-8392-175303A8E78E}.Release|ARM64.Build.0 = Release|Any CPU
		{39CAD8BE-A7B8-446C-8392-175303A8E78E}.Release|x64.ActiveCfg = Release|Any CPU
		{39CAD8BE-A7B8-446C-8392-175303A8E78E}.Release|x64.Build.0 = Release|Any CPU
		{39CAD8BE-A7B8-446C-8392-175303A8E78E}.Release|x86.ActiveCfg = Release|Any CPU
		{39CAD8BE-A7B8-446C-8392-175303A8E78E}.Release|x86.Build.0 = Release|Any CPU
		{39CAD8BE-A7B8-446C-8392-175303A8E78E}.Debug|iPhoneSimulator.ActiveCfg = Debug|Any CPU
		{39CAD8BE-A7B8-446C-8392-175303A8E78E}.Debug|iPhoneSimulator.Build.0 = Debug|Any CPU
		{39CAD8BE-A7B8-446C-8392-175303A8E78E}.Release|iPhoneSimulator.ActiveCfg = Release|Any CPU
		{39CAD8BE-A7B8-446C-8392-175303A8E78E}.Release|iPhoneSimulator.Build.0 = Release|Any CPU
		{39CAD8BE-A7B8-446C-8392-175303A8E78E}.Debug|iPhone.ActiveCfg = Debug|Any CPU
		{39CAD8BE-A7B8-446C-8392-175303A8E78E}.Debug|iPhone.Build.0 = Debug|Any CPU
		{39CAD8BE-A7B8-446C-8392-175303A8E78E}.Release|iPhone.ActiveCfg = Release|Any CPU
		{39CAD8BE-A7B8-446C-8392-175303A8E78E}.Release|iPhone.Build.0 = Release|Any CPU
		{508D8DA4-D1C4-43A6-931E-DF6F015808D3}.Debug|Any CPU.ActiveCfg = Debug|Any CPU
		{508D8DA4-D1C4-43A6-931E-DF6F015808D3}.Debug|Any CPU.Build.0 = Debug|Any CPU
		{508D8DA4-D1C4-43A6-931E-DF6F015808D3}.Debug|ARM.ActiveCfg = Debug|Any CPU
		{508D8DA4-D1C4-43A6-931E-DF6F015808D3}.Debug|ARM.Build.0 = Debug|Any CPU
		{508D8DA4-D1C4-43A6-931E-DF6F015808D3}.Debug|ARM64.ActiveCfg = Debug|Any CPU
		{508D8DA4-D1C4-43A6-931E-DF6F015808D3}.Debug|ARM64.Build.0 = Debug|Any CPU
		{508D8DA4-D1C4-43A6-931E-DF6F015808D3}.Debug|x64.ActiveCfg = Debug|Any CPU
		{508D8DA4-D1C4-43A6-931E-DF6F015808D3}.Debug|x64.Build.0 = Debug|Any CPU
		{508D8DA4-D1C4-43A6-931E-DF6F015808D3}.Debug|x86.ActiveCfg = Debug|Any CPU
		{508D8DA4-D1C4-43A6-931E-DF6F015808D3}.Debug|x86.Build.0 = Debug|Any CPU
		{508D8DA4-D1C4-43A6-931E-DF6F015808D3}.Release|Any CPU.ActiveCfg = Release|Any CPU
		{508D8DA4-D1C4-43A6-931E-DF6F015808D3}.Release|Any CPU.Build.0 = Release|Any CPU
		{508D8DA4-D1C4-43A6-931E-DF6F015808D3}.Release|ARM.ActiveCfg = Release|Any CPU
		{508D8DA4-D1C4-43A6-931E-DF6F015808D3}.Release|ARM.Build.0 = Release|Any CPU
		{508D8DA4-D1C4-43A6-931E-DF6F015808D3}.Release|ARM64.ActiveCfg = Release|Any CPU
		{508D8DA4-D1C4-43A6-931E-DF6F015808D3}.Release|ARM64.Build.0 = Release|Any CPU
		{508D8DA4-D1C4-43A6-931E-DF6F015808D3}.Release|x64.ActiveCfg = Release|Any CPU
		{508D8DA4-D1C4-43A6-931E-DF6F015808D3}.Release|x64.Build.0 = Release|Any CPU
		{508D8DA4-D1C4-43A6-931E-DF6F015808D3}.Release|x86.ActiveCfg = Release|Any CPU
		{508D8DA4-D1C4-43A6-931E-DF6F015808D3}.Release|x86.Build.0 = Release|Any CPU
		{508D8DA4-D1C4-43A6-931E-DF6F015808D3}.Debug|iPhoneSimulator.ActiveCfg = Debug|Any CPU
		{508D8DA4-D1C4-43A6-931E-DF6F015808D3}.Debug|iPhoneSimulator.Build.0 = Debug|Any CPU
		{508D8DA4-D1C4-43A6-931E-DF6F015808D3}.Release|iPhoneSimulator.ActiveCfg = Release|Any CPU
		{508D8DA4-D1C4-43A6-931E-DF6F015808D3}.Release|iPhoneSimulator.Build.0 = Release|Any CPU
		{508D8DA4-D1C4-43A6-931E-DF6F015808D3}.Debug|iPhone.ActiveCfg = Debug|Any CPU
		{508D8DA4-D1C4-43A6-931E-DF6F015808D3}.Debug|iPhone.Build.0 = Debug|Any CPU
		{508D8DA4-D1C4-43A6-931E-DF6F015808D3}.Release|iPhone.ActiveCfg = Release|Any CPU
		{508D8DA4-D1C4-43A6-931E-DF6F015808D3}.Release|iPhone.Build.0 = Release|Any CPU
		{AFA94511-B5A8-46FA-B591-F8D399DFAFF3}.Debug|Any CPU.ActiveCfg = Debug|Any CPU
		{AFA94511-B5A8-46FA-B591-F8D399DFAFF3}.Debug|Any CPU.Build.0 = Debug|Any CPU
		{AFA94511-B5A8-46FA-B591-F8D399DFAFF3}.Debug|ARM.ActiveCfg = Debug|Any CPU
		{AFA94511-B5A8-46FA-B591-F8D399DFAFF3}.Debug|ARM.Build.0 = Debug|Any CPU
		{AFA94511-B5A8-46FA-B591-F8D399DFAFF3}.Debug|ARM64.ActiveCfg = Debug|Any CPU
		{AFA94511-B5A8-46FA-B591-F8D399DFAFF3}.Debug|ARM64.Build.0 = Debug|Any CPU
		{AFA94511-B5A8-46FA-B591-F8D399DFAFF3}.Debug|x64.ActiveCfg = Debug|Any CPU
		{AFA94511-B5A8-46FA-B591-F8D399DFAFF3}.Debug|x64.Build.0 = Debug|Any CPU
		{AFA94511-B5A8-46FA-B591-F8D399DFAFF3}.Debug|x86.ActiveCfg = Debug|Any CPU
		{AFA94511-B5A8-46FA-B591-F8D399DFAFF3}.Debug|x86.Build.0 = Debug|Any CPU
		{AFA94511-B5A8-46FA-B591-F8D399DFAFF3}.Release|Any CPU.ActiveCfg = Release|Any CPU
		{AFA94511-B5A8-46FA-B591-F8D399DFAFF3}.Release|Any CPU.Build.0 = Release|Any CPU
		{AFA94511-B5A8-46FA-B591-F8D399DFAFF3}.Release|ARM.ActiveCfg = Release|Any CPU
		{AFA94511-B5A8-46FA-B591-F8D399DFAFF3}.Release|ARM.Build.0 = Release|Any CPU
		{AFA94511-B5A8-46FA-B591-F8D399DFAFF3}.Release|ARM64.ActiveCfg = Release|Any CPU
		{AFA94511-B5A8-46FA-B591-F8D399DFAFF3}.Release|ARM64.Build.0 = Release|Any CPU
		{AFA94511-B5A8-46FA-B591-F8D399DFAFF3}.Release|x64.ActiveCfg = Release|Any CPU
		{AFA94511-B5A8-46FA-B591-F8D399DFAFF3}.Release|x64.Build.0 = Release|Any CPU
		{AFA94511-B5A8-46FA-B591-F8D399DFAFF3}.Release|x86.ActiveCfg = Release|Any CPU
		{AFA94511-B5A8-46FA-B591-F8D399DFAFF3}.Release|x86.Build.0 = Release|Any CPU
		{AFA94511-B5A8-46FA-B591-F8D399DFAFF3}.Debug|iPhoneSimulator.ActiveCfg = Debug|Any CPU
		{AFA94511-B5A8-46FA-B591-F8D399DFAFF3}.Debug|iPhoneSimulator.Build.0 = Debug|Any CPU
		{AFA94511-B5A8-46FA-B591-F8D399DFAFF3}.Release|iPhoneSimulator.ActiveCfg = Release|Any CPU
		{AFA94511-B5A8-46FA-B591-F8D399DFAFF3}.Release|iPhoneSimulator.Build.0 = Release|Any CPU
		{AFA94511-B5A8-46FA-B591-F8D399DFAFF3}.Debug|iPhone.ActiveCfg = Debug|Any CPU
		{AFA94511-B5A8-46FA-B591-F8D399DFAFF3}.Debug|iPhone.Build.0 = Debug|Any CPU
		{AFA94511-B5A8-46FA-B591-F8D399DFAFF3}.Release|iPhone.ActiveCfg = Release|Any CPU
		{AFA94511-B5A8-46FA-B591-F8D399DFAFF3}.Release|iPhone.Build.0 = Release|Any CPU
		{04A2D40C-4263-4802-98BA-4F2848F2F6FE}.Debug|Any CPU.ActiveCfg = Debug|Any CPU
		{04A2D40C-4263-4802-98BA-4F2848F2F6FE}.Debug|Any CPU.Build.0 = Debug|Any CPU
		{04A2D40C-4263-4802-98BA-4F2848F2F6FE}.Debug|ARM.ActiveCfg = Debug|Any CPU
		{04A2D40C-4263-4802-98BA-4F2848F2F6FE}.Debug|ARM.Build.0 = Debug|Any CPU
		{04A2D40C-4263-4802-98BA-4F2848F2F6FE}.Debug|ARM64.ActiveCfg = Debug|Any CPU
		{04A2D40C-4263-4802-98BA-4F2848F2F6FE}.Debug|ARM64.Build.0 = Debug|Any CPU
		{04A2D40C-4263-4802-98BA-4F2848F2F6FE}.Debug|x64.ActiveCfg = Debug|Any CPU
		{04A2D40C-4263-4802-98BA-4F2848F2F6FE}.Debug|x64.Build.0 = Debug|Any CPU
		{04A2D40C-4263-4802-98BA-4F2848F2F6FE}.Debug|x86.ActiveCfg = Debug|Any CPU
		{04A2D40C-4263-4802-98BA-4F2848F2F6FE}.Debug|x86.Build.0 = Debug|Any CPU
		{04A2D40C-4263-4802-98BA-4F2848F2F6FE}.Release|Any CPU.ActiveCfg = Release|Any CPU
		{04A2D40C-4263-4802-98BA-4F2848F2F6FE}.Release|Any CPU.Build.0 = Release|Any CPU
		{04A2D40C-4263-4802-98BA-4F2848F2F6FE}.Release|ARM.ActiveCfg = Release|Any CPU
		{04A2D40C-4263-4802-98BA-4F2848F2F6FE}.Release|ARM.Build.0 = Release|Any CPU
		{04A2D40C-4263-4802-98BA-4F2848F2F6FE}.Release|ARM64.ActiveCfg = Release|Any CPU
		{04A2D40C-4263-4802-98BA-4F2848F2F6FE}.Release|ARM64.Build.0 = Release|Any CPU
		{04A2D40C-4263-4802-98BA-4F2848F2F6FE}.Release|x64.ActiveCfg = Release|Any CPU
		{04A2D40C-4263-4802-98BA-4F2848F2F6FE}.Release|x64.Build.0 = Release|Any CPU
		{04A2D40C-4263-4802-98BA-4F2848F2F6FE}.Release|x86.ActiveCfg = Release|Any CPU
		{04A2D40C-4263-4802-98BA-4F2848F2F6FE}.Release|x86.Build.0 = Release|Any CPU
		{04A2D40C-4263-4802-98BA-4F2848F2F6FE}.Debug|iPhoneSimulator.ActiveCfg = Debug|Any CPU
		{04A2D40C-4263-4802-98BA-4F2848F2F6FE}.Debug|iPhoneSimulator.Build.0 = Debug|Any CPU
		{04A2D40C-4263-4802-98BA-4F2848F2F6FE}.Release|iPhoneSimulator.ActiveCfg = Release|Any CPU
		{04A2D40C-4263-4802-98BA-4F2848F2F6FE}.Release|iPhoneSimulator.Build.0 = Release|Any CPU
		{04A2D40C-4263-4802-98BA-4F2848F2F6FE}.Debug|iPhone.ActiveCfg = Debug|Any CPU
		{04A2D40C-4263-4802-98BA-4F2848F2F6FE}.Debug|iPhone.Build.0 = Debug|Any CPU
		{04A2D40C-4263-4802-98BA-4F2848F2F6FE}.Release|iPhone.ActiveCfg = Release|Any CPU
		{04A2D40C-4263-4802-98BA-4F2848F2F6FE}.Release|iPhone.Build.0 = Release|Any CPU
		{8281E164-F60B-43DD-A01D-1CEA072D8C8E}.Debug|Any CPU.ActiveCfg = Debug|Any CPU
		{8281E164-F60B-43DD-A01D-1CEA072D8C8E}.Debug|Any CPU.Build.0 = Debug|Any CPU
		{8281E164-F60B-43DD-A01D-1CEA072D8C8E}.Debug|ARM.ActiveCfg = Debug|Any CPU
		{8281E164-F60B-43DD-A01D-1CEA072D8C8E}.Debug|ARM.Build.0 = Debug|Any CPU
		{8281E164-F60B-43DD-A01D-1CEA072D8C8E}.Debug|ARM64.ActiveCfg = Debug|Any CPU
		{8281E164-F60B-43DD-A01D-1CEA072D8C8E}.Debug|ARM64.Build.0 = Debug|Any CPU
		{8281E164-F60B-43DD-A01D-1CEA072D8C8E}.Debug|x64.ActiveCfg = Debug|Any CPU
		{8281E164-F60B-43DD-A01D-1CEA072D8C8E}.Debug|x64.Build.0 = Debug|Any CPU
		{8281E164-F60B-43DD-A01D-1CEA072D8C8E}.Debug|x86.ActiveCfg = Debug|Any CPU
		{8281E164-F60B-43DD-A01D-1CEA072D8C8E}.Debug|x86.Build.0 = Debug|Any CPU
		{8281E164-F60B-43DD-A01D-1CEA072D8C8E}.Release|Any CPU.ActiveCfg = Release|Any CPU
		{8281E164-F60B-43DD-A01D-1CEA072D8C8E}.Release|Any CPU.Build.0 = Release|Any CPU
		{8281E164-F60B-43DD-A01D-1CEA072D8C8E}.Release|ARM.ActiveCfg = Release|Any CPU
		{8281E164-F60B-43DD-A01D-1CEA072D8C8E}.Release|ARM.Build.0 = Release|Any CPU
		{8281E164-F60B-43DD-A01D-1CEA072D8C8E}.Release|ARM64.ActiveCfg = Release|Any CPU
		{8281E164-F60B-43DD-A01D-1CEA072D8C8E}.Release|ARM64.Build.0 = Release|Any CPU
		{8281E164-F60B-43DD-A01D-1CEA072D8C8E}.Release|x64.ActiveCfg = Release|Any CPU
		{8281E164-F60B-43DD-A01D-1CEA072D8C8E}.Release|x64.Build.0 = Release|Any CPU
		{8281E164-F60B-43DD-A01D-1CEA072D8C8E}.Release|x86.ActiveCfg = Release|Any CPU
		{8281E164-F60B-43DD-A01D-1CEA072D8C8E}.Release|x86.Build.0 = Release|Any CPU
		{8281E164-F60B-43DD-A01D-1CEA072D8C8E}.Debug|iPhoneSimulator.ActiveCfg = Debug|Any CPU
		{8281E164-F60B-43DD-A01D-1CEA072D8C8E}.Debug|iPhoneSimulator.Build.0 = Debug|Any CPU
		{8281E164-F60B-43DD-A01D-1CEA072D8C8E}.Release|iPhoneSimulator.ActiveCfg = Release|Any CPU
		{8281E164-F60B-43DD-A01D-1CEA072D8C8E}.Release|iPhoneSimulator.Build.0 = Release|Any CPU
		{8281E164-F60B-43DD-A01D-1CEA072D8C8E}.Debug|iPhone.ActiveCfg = Debug|Any CPU
		{8281E164-F60B-43DD-A01D-1CEA072D8C8E}.Debug|iPhone.Build.0 = Debug|Any CPU
		{8281E164-F60B-43DD-A01D-1CEA072D8C8E}.Release|iPhone.ActiveCfg = Release|Any CPU
		{8281E164-F60B-43DD-A01D-1CEA072D8C8E}.Release|iPhone.Build.0 = Release|Any CPU
		{8A4B1C9C-39B9-40B0-993F-245C0675C1EC}.Debug|Any CPU.ActiveCfg = Debug|Any CPU
		{8A4B1C9C-39B9-40B0-993F-245C0675C1EC}.Debug|Any CPU.Build.0 = Debug|Any CPU
		{8A4B1C9C-39B9-40B0-993F-245C0675C1EC}.Debug|ARM.ActiveCfg = Debug|Any CPU
		{8A4B1C9C-39B9-40B0-993F-245C0675C1EC}.Debug|ARM.Build.0 = Debug|Any CPU
		{8A4B1C9C-39B9-40B0-993F-245C0675C1EC}.Debug|ARM64.ActiveCfg = Debug|Any CPU
		{8A4B1C9C-39B9-40B0-993F-245C0675C1EC}.Debug|ARM64.Build.0 = Debug|Any CPU
		{8A4B1C9C-39B9-40B0-993F-245C0675C1EC}.Debug|x64.ActiveCfg = Debug|Any CPU
		{8A4B1C9C-39B9-40B0-993F-245C0675C1EC}.Debug|x64.Build.0 = Debug|Any CPU
		{8A4B1C9C-39B9-40B0-993F-245C0675C1EC}.Debug|x86.ActiveCfg = Debug|Any CPU
		{8A4B1C9C-39B9-40B0-993F-245C0675C1EC}.Debug|x86.Build.0 = Debug|Any CPU
		{8A4B1C9C-39B9-40B0-993F-245C0675C1EC}.Release|Any CPU.ActiveCfg = Release|Any CPU
		{8A4B1C9C-39B9-40B0-993F-245C0675C1EC}.Release|Any CPU.Build.0 = Release|Any CPU
		{8A4B1C9C-39B9-40B0-993F-245C0675C1EC}.Release|ARM.ActiveCfg = Release|Any CPU
		{8A4B1C9C-39B9-40B0-993F-245C0675C1EC}.Release|ARM.Build.0 = Release|Any CPU
		{8A4B1C9C-39B9-40B0-993F-245C0675C1EC}.Release|ARM64.ActiveCfg = Release|Any CPU
		{8A4B1C9C-39B9-40B0-993F-245C0675C1EC}.Release|ARM64.Build.0 = Release|Any CPU
		{8A4B1C9C-39B9-40B0-993F-245C0675C1EC}.Release|x64.ActiveCfg = Release|Any CPU
		{8A4B1C9C-39B9-40B0-993F-245C0675C1EC}.Release|x64.Build.0 = Release|Any CPU
		{8A4B1C9C-39B9-40B0-993F-245C0675C1EC}.Release|x86.ActiveCfg = Release|Any CPU
		{8A4B1C9C-39B9-40B0-993F-245C0675C1EC}.Release|x86.Build.0 = Release|Any CPU
		{8A4B1C9C-39B9-40B0-993F-245C0675C1EC}.Debug|iPhoneSimulator.ActiveCfg = Debug|Any CPU
		{8A4B1C9C-39B9-40B0-993F-245C0675C1EC}.Debug|iPhoneSimulator.Build.0 = Debug|Any CPU
		{8A4B1C9C-39B9-40B0-993F-245C0675C1EC}.Release|iPhoneSimulator.ActiveCfg = Release|Any CPU
		{8A4B1C9C-39B9-40B0-993F-245C0675C1EC}.Release|iPhoneSimulator.Build.0 = Release|Any CPU
		{8A4B1C9C-39B9-40B0-993F-245C0675C1EC}.Debug|iPhone.ActiveCfg = Debug|Any CPU
		{8A4B1C9C-39B9-40B0-993F-245C0675C1EC}.Debug|iPhone.Build.0 = Debug|Any CPU
		{8A4B1C9C-39B9-40B0-993F-245C0675C1EC}.Release|iPhone.ActiveCfg = Release|Any CPU
		{8A4B1C9C-39B9-40B0-993F-245C0675C1EC}.Release|iPhone.Build.0 = Release|Any CPU
		{535FE483-BBA4-4B58-B3B3-BA3E0D94AE65}.Debug|Any CPU.ActiveCfg = Debug|Any CPU
		{535FE483-BBA4-4B58-B3B3-BA3E0D94AE65}.Debug|ARM.ActiveCfg = Debug|Any CPU
		{535FE483-BBA4-4B58-B3B3-BA3E0D94AE65}.Debug|ARM64.ActiveCfg = Debug|Any CPU
		{535FE483-BBA4-4B58-B3B3-BA3E0D94AE65}.Debug|x64.ActiveCfg = Debug|Any CPU
		{535FE483-BBA4-4B58-B3B3-BA3E0D94AE65}.Debug|x86.ActiveCfg = Debug|Any CPU
		{535FE483-BBA4-4B58-B3B3-BA3E0D94AE65}.Release|Any CPU.ActiveCfg = Release|Any CPU
		{535FE483-BBA4-4B58-B3B3-BA3E0D94AE65}.Release|ARM.ActiveCfg = Release|Any CPU
		{535FE483-BBA4-4B58-B3B3-BA3E0D94AE65}.Release|ARM64.ActiveCfg = Release|Any CPU
		{535FE483-BBA4-4B58-B3B3-BA3E0D94AE65}.Release|x64.ActiveCfg = Release|Any CPU
		{535FE483-BBA4-4B58-B3B3-BA3E0D94AE65}.Release|x86.ActiveCfg = Release|Any CPU
		{535FE483-BBA4-4B58-B3B3-BA3E0D94AE65}.Debug|iPhoneSimulator.ActiveCfg = Debug|Any CPU
		{535FE483-BBA4-4B58-B3B3-BA3E0D94AE65}.Release|iPhoneSimulator.ActiveCfg = Release|Any CPU
		{535FE483-BBA4-4B58-B3B3-BA3E0D94AE65}.Debug|iPhone.ActiveCfg = Debug|Any CPU
		{535FE483-BBA4-4B58-B3B3-BA3E0D94AE65}.Release|iPhone.ActiveCfg = Release|Any CPU
		{5734FDE3-8C79-42E1-8F5E-952C1AAFA8DF}.Debug|Any CPU.ActiveCfg = Debug|Any CPU
		{5734FDE3-8C79-42E1-8F5E-952C1AAFA8DF}.Debug|Any CPU.Build.0 = Debug|Any CPU
		{5734FDE3-8C79-42E1-8F5E-952C1AAFA8DF}.Debug|ARM.ActiveCfg = Debug|Any CPU
		{5734FDE3-8C79-42E1-8F5E-952C1AAFA8DF}.Debug|ARM.Build.0 = Debug|Any CPU
		{5734FDE3-8C79-42E1-8F5E-952C1AAFA8DF}.Debug|ARM64.ActiveCfg = Debug|Any CPU
		{5734FDE3-8C79-42E1-8F5E-952C1AAFA8DF}.Debug|ARM64.Build.0 = Debug|Any CPU
		{5734FDE3-8C79-42E1-8F5E-952C1AAFA8DF}.Debug|x64.ActiveCfg = Debug|Any CPU
		{5734FDE3-8C79-42E1-8F5E-952C1AAFA8DF}.Debug|x64.Build.0 = Debug|Any CPU
		{5734FDE3-8C79-42E1-8F5E-952C1AAFA8DF}.Debug|x86.ActiveCfg = Debug|Any CPU
		{5734FDE3-8C79-42E1-8F5E-952C1AAFA8DF}.Debug|x86.Build.0 = Debug|Any CPU
		{5734FDE3-8C79-42E1-8F5E-952C1AAFA8DF}.Release|Any CPU.ActiveCfg = Release|Any CPU
		{5734FDE3-8C79-42E1-8F5E-952C1AAFA8DF}.Release|Any CPU.Build.0 = Release|Any CPU
		{5734FDE3-8C79-42E1-8F5E-952C1AAFA8DF}.Release|ARM.ActiveCfg = Release|Any CPU
		{5734FDE3-8C79-42E1-8F5E-952C1AAFA8DF}.Release|ARM.Build.0 = Release|Any CPU
		{5734FDE3-8C79-42E1-8F5E-952C1AAFA8DF}.Release|ARM64.ActiveCfg = Release|Any CPU
		{5734FDE3-8C79-42E1-8F5E-952C1AAFA8DF}.Release|ARM64.Build.0 = Release|Any CPU
		{5734FDE3-8C79-42E1-8F5E-952C1AAFA8DF}.Release|x64.ActiveCfg = Release|Any CPU
		{5734FDE3-8C79-42E1-8F5E-952C1AAFA8DF}.Release|x64.Build.0 = Release|Any CPU
		{5734FDE3-8C79-42E1-8F5E-952C1AAFA8DF}.Release|x86.ActiveCfg = Release|Any CPU
		{5734FDE3-8C79-42E1-8F5E-952C1AAFA8DF}.Release|x86.Build.0 = Release|Any CPU
		{5734FDE3-8C79-42E1-8F5E-952C1AAFA8DF}.Debug|iPhoneSimulator.ActiveCfg = Debug|Any CPU
		{5734FDE3-8C79-42E1-8F5E-952C1AAFA8DF}.Debug|iPhoneSimulator.Build.0 = Debug|Any CPU
		{5734FDE3-8C79-42E1-8F5E-952C1AAFA8DF}.Release|iPhoneSimulator.ActiveCfg = Release|Any CPU
		{5734FDE3-8C79-42E1-8F5E-952C1AAFA8DF}.Release|iPhoneSimulator.Build.0 = Release|Any CPU
		{5734FDE3-8C79-42E1-8F5E-952C1AAFA8DF}.Debug|iPhone.ActiveCfg = Debug|Any CPU
		{5734FDE3-8C79-42E1-8F5E-952C1AAFA8DF}.Debug|iPhone.Build.0 = Debug|Any CPU
		{5734FDE3-8C79-42E1-8F5E-952C1AAFA8DF}.Release|iPhone.ActiveCfg = Release|Any CPU
		{5734FDE3-8C79-42E1-8F5E-952C1AAFA8DF}.Release|iPhone.Build.0 = Release|Any CPU
		{524CC095-FE2D-41AD-9B99-29090B72989B}.Debug|Any CPU.ActiveCfg = Debug|Any CPU
		{524CC095-FE2D-41AD-9B99-29090B72989B}.Debug|Any CPU.Build.0 = Debug|Any CPU
		{524CC095-FE2D-41AD-9B99-29090B72989B}.Debug|ARM.ActiveCfg = Debug|Any CPU
		{524CC095-FE2D-41AD-9B99-29090B72989B}.Debug|ARM.Build.0 = Debug|Any CPU
		{524CC095-FE2D-41AD-9B99-29090B72989B}.Debug|ARM64.ActiveCfg = Debug|Any CPU
		{524CC095-FE2D-41AD-9B99-29090B72989B}.Debug|ARM64.Build.0 = Debug|Any CPU
		{524CC095-FE2D-41AD-9B99-29090B72989B}.Debug|x64.ActiveCfg = Debug|Any CPU
		{524CC095-FE2D-41AD-9B99-29090B72989B}.Debug|x64.Build.0 = Debug|Any CPU
		{524CC095-FE2D-41AD-9B99-29090B72989B}.Debug|x86.ActiveCfg = Debug|Any CPU
		{524CC095-FE2D-41AD-9B99-29090B72989B}.Debug|x86.Build.0 = Debug|Any CPU
		{524CC095-FE2D-41AD-9B99-29090B72989B}.Release|Any CPU.ActiveCfg = Release|Any CPU
		{524CC095-FE2D-41AD-9B99-29090B72989B}.Release|Any CPU.Build.0 = Release|Any CPU
		{524CC095-FE2D-41AD-9B99-29090B72989B}.Release|ARM.ActiveCfg = Release|Any CPU
		{524CC095-FE2D-41AD-9B99-29090B72989B}.Release|ARM.Build.0 = Release|Any CPU
		{524CC095-FE2D-41AD-9B99-29090B72989B}.Release|ARM64.ActiveCfg = Release|Any CPU
		{524CC095-FE2D-41AD-9B99-29090B72989B}.Release|ARM64.Build.0 = Release|Any CPU
		{524CC095-FE2D-41AD-9B99-29090B72989B}.Release|x64.ActiveCfg = Release|Any CPU
		{524CC095-FE2D-41AD-9B99-29090B72989B}.Release|x64.Build.0 = Release|Any CPU
		{524CC095-FE2D-41AD-9B99-29090B72989B}.Release|x86.ActiveCfg = Release|Any CPU
		{524CC095-FE2D-41AD-9B99-29090B72989B}.Release|x86.Build.0 = Release|Any CPU
		{524CC095-FE2D-41AD-9B99-29090B72989B}.Debug|iPhoneSimulator.ActiveCfg = Debug|Any CPU
		{524CC095-FE2D-41AD-9B99-29090B72989B}.Debug|iPhoneSimulator.Build.0 = Debug|Any CPU
		{524CC095-FE2D-41AD-9B99-29090B72989B}.Release|iPhoneSimulator.ActiveCfg = Release|Any CPU
		{524CC095-FE2D-41AD-9B99-29090B72989B}.Release|iPhoneSimulator.Build.0 = Release|Any CPU
		{524CC095-FE2D-41AD-9B99-29090B72989B}.Debug|iPhone.ActiveCfg = Debug|Any CPU
		{524CC095-FE2D-41AD-9B99-29090B72989B}.Debug|iPhone.Build.0 = Debug|Any CPU
		{524CC095-FE2D-41AD-9B99-29090B72989B}.Release|iPhone.ActiveCfg = Release|Any CPU
		{524CC095-FE2D-41AD-9B99-29090B72989B}.Release|iPhone.Build.0 = Release|Any CPU
		{0D3FFFF1-219A-4596-8F1A-153284183579}.Debug|Any CPU.ActiveCfg = Debug|Any CPU
		{0D3FFFF1-219A-4596-8F1A-153284183579}.Debug|Any CPU.Build.0 = Debug|Any CPU
		{0D3FFFF1-219A-4596-8F1A-153284183579}.Debug|ARM.ActiveCfg = Debug|Any CPU
		{0D3FFFF1-219A-4596-8F1A-153284183579}.Debug|ARM.Build.0 = Debug|Any CPU
		{0D3FFFF1-219A-4596-8F1A-153284183579}.Debug|ARM64.ActiveCfg = Debug|Any CPU
		{0D3FFFF1-219A-4596-8F1A-153284183579}.Debug|ARM64.Build.0 = Debug|Any CPU
		{0D3FFFF1-219A-4596-8F1A-153284183579}.Debug|x64.ActiveCfg = Debug|Any CPU
		{0D3FFFF1-219A-4596-8F1A-153284183579}.Debug|x64.Build.0 = Debug|Any CPU
		{0D3FFFF1-219A-4596-8F1A-153284183579}.Debug|x86.ActiveCfg = Debug|Any CPU
		{0D3FFFF1-219A-4596-8F1A-153284183579}.Debug|x86.Build.0 = Debug|Any CPU
		{0D3FFFF1-219A-4596-8F1A-153284183579}.Release|Any CPU.ActiveCfg = Release|Any CPU
		{0D3FFFF1-219A-4596-8F1A-153284183579}.Release|Any CPU.Build.0 = Release|Any CPU
		{0D3FFFF1-219A-4596-8F1A-153284183579}.Release|ARM.ActiveCfg = Release|Any CPU
		{0D3FFFF1-219A-4596-8F1A-153284183579}.Release|ARM.Build.0 = Release|Any CPU
		{0D3FFFF1-219A-4596-8F1A-153284183579}.Release|ARM64.ActiveCfg = Release|Any CPU
		{0D3FFFF1-219A-4596-8F1A-153284183579}.Release|ARM64.Build.0 = Release|Any CPU
		{0D3FFFF1-219A-4596-8F1A-153284183579}.Release|x64.ActiveCfg = Release|Any CPU
		{0D3FFFF1-219A-4596-8F1A-153284183579}.Release|x64.Build.0 = Release|Any CPU
		{0D3FFFF1-219A-4596-8F1A-153284183579}.Release|x86.ActiveCfg = Release|Any CPU
		{0D3FFFF1-219A-4596-8F1A-153284183579}.Release|x86.Build.0 = Release|Any CPU
		{0D3FFFF1-219A-4596-8F1A-153284183579}.Debug|iPhoneSimulator.ActiveCfg = Debug|Any CPU
		{0D3FFFF1-219A-4596-8F1A-153284183579}.Debug|iPhoneSimulator.Build.0 = Debug|Any CPU
		{0D3FFFF1-219A-4596-8F1A-153284183579}.Release|iPhoneSimulator.ActiveCfg = Release|Any CPU
		{0D3FFFF1-219A-4596-8F1A-153284183579}.Release|iPhoneSimulator.Build.0 = Release|Any CPU
		{0D3FFFF1-219A-4596-8F1A-153284183579}.Debug|iPhone.ActiveCfg = Debug|Any CPU
		{0D3FFFF1-219A-4596-8F1A-153284183579}.Debug|iPhone.Build.0 = Debug|Any CPU
		{0D3FFFF1-219A-4596-8F1A-153284183579}.Release|iPhone.ActiveCfg = Release|Any CPU
		{0D3FFFF1-219A-4596-8F1A-153284183579}.Release|iPhone.Build.0 = Release|Any CPU
		{226EEA9B-80BC-495C-92AA-AF889F6A6D7C}.Debug|Any CPU.ActiveCfg = Debug|Any CPU
		{226EEA9B-80BC-495C-92AA-AF889F6A6D7C}.Debug|Any CPU.Build.0 = Debug|Any CPU
		{226EEA9B-80BC-495C-92AA-AF889F6A6D7C}.Debug|ARM.ActiveCfg = Debug|Any CPU
		{226EEA9B-80BC-495C-92AA-AF889F6A6D7C}.Debug|ARM.Build.0 = Debug|Any CPU
		{226EEA9B-80BC-495C-92AA-AF889F6A6D7C}.Debug|ARM64.ActiveCfg = Debug|Any CPU
		{226EEA9B-80BC-495C-92AA-AF889F6A6D7C}.Debug|ARM64.Build.0 = Debug|Any CPU
		{226EEA9B-80BC-495C-92AA-AF889F6A6D7C}.Debug|x64.ActiveCfg = Debug|Any CPU
		{226EEA9B-80BC-495C-92AA-AF889F6A6D7C}.Debug|x64.Build.0 = Debug|Any CPU
		{226EEA9B-80BC-495C-92AA-AF889F6A6D7C}.Debug|x86.ActiveCfg = Debug|Any CPU
		{226EEA9B-80BC-495C-92AA-AF889F6A6D7C}.Debug|x86.Build.0 = Debug|Any CPU
		{226EEA9B-80BC-495C-92AA-AF889F6A6D7C}.Release|Any CPU.ActiveCfg = Release|Any CPU
		{226EEA9B-80BC-495C-92AA-AF889F6A6D7C}.Release|Any CPU.Build.0 = Release|Any CPU
		{226EEA9B-80BC-495C-92AA-AF889F6A6D7C}.Release|ARM.ActiveCfg = Release|Any CPU
		{226EEA9B-80BC-495C-92AA-AF889F6A6D7C}.Release|ARM.Build.0 = Release|Any CPU
		{226EEA9B-80BC-495C-92AA-AF889F6A6D7C}.Release|ARM64.ActiveCfg = Release|Any CPU
		{226EEA9B-80BC-495C-92AA-AF889F6A6D7C}.Release|ARM64.Build.0 = Release|Any CPU
		{226EEA9B-80BC-495C-92AA-AF889F6A6D7C}.Release|x64.ActiveCfg = Release|Any CPU
		{226EEA9B-80BC-495C-92AA-AF889F6A6D7C}.Release|x64.Build.0 = Release|Any CPU
		{226EEA9B-80BC-495C-92AA-AF889F6A6D7C}.Release|x86.ActiveCfg = Release|Any CPU
		{226EEA9B-80BC-495C-92AA-AF889F6A6D7C}.Release|x86.Build.0 = Release|Any CPU
		{226EEA9B-80BC-495C-92AA-AF889F6A6D7C}.Debug|iPhoneSimulator.ActiveCfg = Debug|Any CPU
		{226EEA9B-80BC-495C-92AA-AF889F6A6D7C}.Debug|iPhoneSimulator.Build.0 = Debug|Any CPU
		{226EEA9B-80BC-495C-92AA-AF889F6A6D7C}.Release|iPhoneSimulator.ActiveCfg = Release|Any CPU
		{226EEA9B-80BC-495C-92AA-AF889F6A6D7C}.Release|iPhoneSimulator.Build.0 = Release|Any CPU
		{226EEA9B-80BC-495C-92AA-AF889F6A6D7C}.Debug|iPhone.ActiveCfg = Debug|Any CPU
		{226EEA9B-80BC-495C-92AA-AF889F6A6D7C}.Debug|iPhone.Build.0 = Debug|Any CPU
		{226EEA9B-80BC-495C-92AA-AF889F6A6D7C}.Release|iPhone.ActiveCfg = Release|Any CPU
		{226EEA9B-80BC-495C-92AA-AF889F6A6D7C}.Release|iPhone.Build.0 = Release|Any CPU
	EndGlobalSection
	GlobalSection(SolutionProperties) = preSolution
		HideSolutionNode = FALSE
	EndGlobalSection
	GlobalSection(ExtensibilityGlobals) = postSolution
		SolutionGuid = {C6B2AA0B-605B-4EEF-816D-0A0FE9617533}
	EndGlobalSection
EndGlobal
