
Microsoft Visual Studio Solution File, Format Version 12.00
# Visual Studio 15
VisualStudioVersion = 15.0.27703.2042
MinimumVisualStudioVersion = 10.0.40219.1
Project("{FAE04EC0-301F-11D3-BF4B-00C04F79EFBC}") = "ProteinAccountSystem", "ProteinAccountSystem\ProteinAccountSystem.csproj", "{8A4B1C9C-39B9-40B0-993F-245C0675C1EC}"
EndProject
Project("{FAE04EC0-301F-11D3-BF4B-00C04F79EFBC}") = "Controller", "ClassLibrary1\Controller.csproj", "{8281E164-F60B-43DD-A01D-1CEA072D8C8E}"
EndProject
Project("{FAE04EC0-301F-11D3-BF4B-00C04F79EFBC}") = "CommonUtility", "CommonUtility\CommonUtility.csproj", "{DD1F06DC-0FBA-40DB-BB49-FAB46E74EC22}"
EndProject
Project("{FAE04EC0-301F-11D3-BF4B-00C04F79EFBC}") = "CodeFirstORM", "CodeFirstORM\CodeFirstORM.csproj", "{39CAD8BE-A7B8-446C-8392-175303A8E78E}"
EndProject
Project("{FAE04EC0-301F-11D3-BF4B-00C04F79EFBC}") = "Test", "Test\Test.csproj", "{508D8DA4-D1C4-43A6-931E-DF6F015808D3}"
EndProject
Project("{FAE04EC0-301F-11D3-BF4B-00C04F79EFBC}") = "Service", "Service\Service.csproj", "{AFA94511-B5A8-46FA-B591-F8D399DFAFF3}"
EndProject
Global
	GlobalSection(SolutionConfigurationPlatforms) = preSolution
		Debug|Any CPU = Debug|Any CPU
		Debug|ARM = Debug|ARM
		Debug|ARM64 = Debug|ARM64
		Debug|x64 = Debug|x64
		Debug|x86 = Debug|x86
		Release|Any CPU = Release|Any CPU
		Release|ARM = Release|ARM
		Release|ARM64 = Release|ARM64
		Release|x64 = Release|x64
		Release|x86 = Release|x86
	EndGlobalSection
	GlobalSection(ProjectConfigurationPlatforms) = postSolution
		{8A4B1C9C-39B9-40B0-993F-245C0675C1EC}.Debug|Any CPU.ActiveCfg = Debug|Any CPU
		{8A4B1C9C-39B9-40B0-993F-245C0675C1EC}.Debug|Any CPU.Build.0 = Debug|Any CPU
		{8A4B1C9C-39B9-40B0-993F-245C0675C1EC}.Debug|ARM.ActiveCfg = Debug|Any CPU
		{8A4B1C9C-39B9-40B0-993F-245C0675C1EC}.Debug|ARM.Build.0 = Debug|Any CPU
		{8A4B1C9C-39B9-40B0-993F-245C0675C1EC}.Debug|ARM64.ActiveCfg = Debug|Any CPU
		{8A4B1C9C-39B9-40B0-993F-245C0675C1EC}.Debug|ARM64.Build.0 = Debug|Any CPU
		{8A4B1C9C-39B9-40B0-993F-245C0675C1EC}.Debug|x64.ActiveCfg = Debug|Any CPU
		{8A4B1C9C-39B9-40B0-993F-245C0675C1EC}.Debug|x64.Build.0 = Debug|Any CPU
		{8A4B1C9C-39B9-40B0-993F-245C0675C1EC}.Debug|x86.ActiveCfg = Debug|Any CPU
		{8A4B1C9C-39B9-40B0-993F-245C0675C1EC}.Debug|x86.Build.0 = Debug|Any CPU
		{8A4B1C9C-39B9-40B0-993F-245C0675C1EC}.Release|Any CPU.ActiveCfg = Release|Any CPU
		{8A4B1C9C-39B9-40B0-993F-245C0675C1EC}.Release|Any CPU.Build.0 = Release|Any CPU
		{8A4B1C9C-39B9-40B0-993F-245C0675C1EC}.Release|ARM.ActiveCfg = Release|Any CPU
		{8A4B1C9C-39B9-40B0-993F-245C0675C1EC}.Release|ARM.Build.0 = Release|Any CPU
		{8A4B1C9C-39B9-40B0-993F-245C0675C1EC}.Release|ARM64.ActiveCfg = Release|Any CPU
		{8A4B1C9C-39B9-40B0-993F-245C0675C1EC}.Release|ARM64.Build.0 = Release|Any CPU
		{8A4B1C9C-39B9-40B0-993F-245C0675C1EC}.Release|x64.ActiveCfg = Release|Any CPU
		{8A4B1C9C-39B9-40B0-993F-245C0675C1EC}.Release|x64.Build.0 = Release|Any CPU
		{8A4B1C9C-39B9-40B0-993F-245C0675C1EC}.Release|x86.ActiveCfg = Release|Any CPU
		{8A4B1C9C-39B9-40B0-993F-245C0675C1EC}.Release|x86.Build.0 = Release|Any CPU
		{8281E164-F60B-43DD-A01D-1CEA072D8C8E}.Debug|Any CPU.ActiveCfg = Debug|Any CPU
		{8281E164-F60B-43DD-A01D-1CEA072D8C8E}.Debug|Any CPU.Build.0 = Debug|Any CPU
		{8281E164-F60B-43DD-A01D-1CEA072D8C8E}.Debug|ARM.ActiveCfg = Debug|Any CPU
		{8281E164-F60B-43DD-A01D-1CEA072D8C8E}.Debug|ARM.Build.0 = Debug|Any CPU
		{8281E164-F60B-43DD-A01D-1CEA072D8C8E}.Debug|ARM64.ActiveCfg = Debug|Any CPU
		{8281E164-F60B-43DD-A01D-1CEA072D8C8E}.Debug|ARM64.Build.0 = Debug|Any CPU
		{8281E164-F60B-43DD-A01D-1CEA072D8C8E}.Debug|x64.ActiveCfg = Debug|Any CPU
		{8281E164-F60B-43DD-A01D-1CEA072D8C8E}.Debug|x64.Build.0 = Debug|Any CPU
		{8281E164-F60B-43DD-A01D-1CEA072D8C8E}.Debug|x86.ActiveCfg = Debug|Any CPU
		{8281E164-F60B-43DD-A01D-1CEA072D8C8E}.Debug|x86.Build.0 = Debug|Any CPU
		{8281E164-F60B-43DD-A01D-1CEA072D8C8E}.Release|Any CPU.ActiveCfg = Release|Any CPU
		{8281E164-F60B-43DD-A01D-1CEA072D8C8E}.Release|Any CPU.Build.0 = Release|Any CPU
		{8281E164-F60B-43DD-A01D-1CEA072D8C8E}.Release|ARM.ActiveCfg = Release|Any CPU
		{8281E164-F60B-43DD-A01D-1CEA072D8C8E}.Release|ARM.Build.0 = Release|Any CPU
		{8281E164-F60B-43DD-A01D-1CEA072D8C8E}.Release|ARM64.ActiveCfg = Release|Any CPU
		{8281E164-F60B-43DD-A01D-1CEA072D8C8E}.Release|ARM64.Build.0 = Release|Any CPU
		{8281E164-F60B-43DD-A01D-1CEA072D8C8E}.Release|x64.ActiveCfg = Release|Any CPU
		{8281E164-F60B-43DD-A01D-1CEA072D8C8E}.Release|x64.Build.0 = Release|Any CPU
		{8281E164-F60B-43DD-A01D-1CEA072D8C8E}.Release|x86.ActiveCfg = Release|Any CPU
		{8281E164-F60B-43DD-A01D-1CEA072D8C8E}.Release|x86.Build.0 = Release|Any CPU
		{DD1F06DC-0FBA-40DB-BB49-FAB46E74EC22}.Debug|Any CPU.ActiveCfg = Debug|Any CPU
		{DD1F06DC-0FBA-40DB-BB49-FAB46E74EC22}.Debug|Any CPU.Build.0 = Debug|Any CPU
		{DD1F06DC-0FBA-40DB-BB49-FAB46E74EC22}.Debug|ARM.ActiveCfg = Debug|Any CPU
		{DD1F06DC-0FBA-40DB-BB49-FAB46E74EC22}.Debug|ARM.Build.0 = Debug|Any CPU
		{DD1F06DC-0FBA-40DB-BB49-FAB46E74EC22}.Debug|ARM64.ActiveCfg = Debug|Any CPU
		{DD1F06DC-0FBA-40DB-BB49-FAB46E74EC22}.Debug|ARM64.Build.0 = Debug|Any CPU
		{DD1F06DC-0FBA-40DB-BB49-FAB46E74EC22}.Debug|x64.ActiveCfg = Debug|Any CPU
		{DD1F06DC-0FBA-40DB-BB49-FAB46E74EC22}.Debug|x64.Build.0 = Debug|Any CPU
		{DD1F06DC-0FBA-40DB-BB49-FAB46E74EC22}.Debug|x86.ActiveCfg = Debug|Any CPU
		{DD1F06DC-0FBA-40DB-BB49-FAB46E74EC22}.Debug|x86.Build.0 = Debug|Any CPU
		{DD1F06DC-0FBA-40DB-BB49-FAB46E74EC22}.Release|Any CPU.ActiveCfg = Release|Any CPU
		{DD1F06DC-0FBA-40DB-BB49-FAB46E74EC22}.Release|Any CPU.Build.0 = Release|Any CPU
		{DD1F06DC-0FBA-40DB-BB49-FAB46E74EC22}.Release|ARM.ActiveCfg = Release|Any CPU
		{DD1F06DC-0FBA-40DB-BB49-FAB46E74EC22}.Release|ARM.Build.0 = Release|Any CPU
		{DD1F06DC-0FBA-40DB-BB49-FAB46E74EC22}.Release|ARM64.ActiveCfg = Release|Any CPU
		{DD1F06DC-0FBA-40DB-BB49-FAB46E74EC22}.Release|ARM64.Build.0 = Release|Any CPU
		{DD1F06DC-0FBA-40DB-BB49-FAB46E74EC22}.Release|x64.ActiveCfg = Release|Any CPU
		{DD1F06DC-0FBA-40DB-BB49-FAB46E74EC22}.Release|x64.Build.0 = Release|Any CPU
		{DD1F06DC-0FBA-40DB-BB49-FAB46E74EC22}.Release|x86.ActiveCfg = Release|Any CPU
		{DD1F06DC-0FBA-40DB-BB49-FAB46E74EC22}.Release|x86.Build.0 = Release|Any CPU
		{39CAD8BE-A7B8-446C-8392-175303A8E78E}.Debug|Any CPU.ActiveCfg = Debug|Any CPU
		{39CAD8BE-A7B8-446C-8392-175303A8E78E}.Debug|Any CPU.Build.0 = Debug|Any CPU
		{39CAD8BE-A7B8-446C-8392-175303A8E78E}.Debug|ARM.ActiveCfg = Debug|Any CPU
		{39CAD8BE-A7B8-446C-8392-175303A8E78E}.Debug|ARM.Build.0 = Debug|Any CPU
		{39CAD8BE-A7B8-446C-8392-175303A8E78E}.Debug|ARM64.ActiveCfg = Debug|Any CPU
		{39CAD8BE-A7B8-446C-8392-175303A8E78E}.Debug|ARM64.Build.0 = Debug|Any CPU
		{39CAD8BE-A7B8-446C-8392-175303A8E78E}.Debug|x64.ActiveCfg = Debug|Any CPU
		{39CAD8BE-A7B8-446C-8392-175303A8E78E}.Debug|x64.Build.0 = Debug|Any CPU
		{39CAD8BE-A7B8-446C-8392-175303A8E78E}.Debug|x86.ActiveCfg = Debug|Any CPU
		{39CAD8BE-A7B8-446C-8392-175303A8E78E}.Debug|x86.Build.0 = Debug|Any CPU
		{39CAD8BE-A7B8-446C-8392-175303A8E78E}.Release|Any CPU.ActiveCfg = Release|Any CPU
		{39CAD8BE-A7B8-446C-8392-175303A8E78E}.Release|Any CPU.Build.0 = Release|Any CPU
		{39CAD8BE-A7B8-446C-8392-175303A8E78E}.Release|ARM.ActiveCfg = Release|Any CPU
		{39CAD8BE-A7B8-446C-8392-175303A8E78E}.Release|ARM.Build.0 = Release|Any CPU
		{39CAD8BE-A7B8-446C-8392-175303A8E78E}.Release|ARM64.ActiveCfg = Release|Any CPU
		{39CAD8BE-A7B8-446C-8392-175303A8E78E}.Release|ARM64.Build.0 = Release|Any CPU
		{39CAD8BE-A7B8-446C-8392-175303A8E78E}.Release|x64.ActiveCfg = Release|Any CPU
		{39CAD8BE-A7B8-446C-8392-175303A8E78E}.Release|x64.Build.0 = Release|Any CPU
		{39CAD8BE-A7B8-446C-8392-175303A8E78E}.Release|x86.ActiveCfg = Release|Any CPU
		{39CAD8BE-A7B8-446C-8392-175303A8E78E}.Release|x86.Build.0 = Release|Any CPU
		{508D8DA4-D1C4-43A6-931E-DF6F015808D3}.Debug|Any CPU.ActiveCfg = Debug|Any CPU
		{508D8DA4-D1C4-43A6-931E-DF6F015808D3}.Debug|Any CPU.Build.0 = Debug|Any CPU
		{508D8DA4-D1C4-43A6-931E-DF6F015808D3}.Debug|ARM.ActiveCfg = Debug|Any CPU
		{508D8DA4-D1C4-43A6-931E-DF6F015808D3}.Debug|ARM.Build.0 = Debug|Any CPU
		{508D8DA4-D1C4-43A6-931E-DF6F015808D3}.Debug|ARM64.ActiveCfg = Debug|Any CPU
		{508D8DA4-D1C4-43A6-931E-DF6F015808D3}.Debug|ARM64.Build.0 = Debug|Any CPU
		{508D8DA4-D1C4-43A6-931E-DF6F015808D3}.Debug|x64.ActiveCfg = Debug|Any CPU
		{508D8DA4-D1C4-43A6-931E-DF6F015808D3}.Debug|x64.Build.0 = Debug|Any CPU
		{508D8DA4-D1C4-43A6-931E-DF6F015808D3}.Debug|x86.ActiveCfg = Debug|Any CPU
		{508D8DA4-D1C4-43A6-931E-DF6F015808D3}.Debug|x86.Build.0 = Debug|Any CPU
		{508D8DA4-D1C4-43A6-931E-DF6F015808D3}.Release|Any CPU.ActiveCfg = Release|Any CPU
		{508D8DA4-D1C4-43A6-931E-DF6F015808D3}.Release|Any CPU.Build.0 = Release|Any CPU
		{508D8DA4-D1C4-43A6-931E-DF6F015808D3}.Release|ARM.ActiveCfg = Release|Any CPU
		{508D8DA4-D1C4-43A6-931E-DF6F015808D3}.Release|ARM.Build.0 = Release|Any CPU
		{508D8DA4-D1C4-43A6-931E-DF6F015808D3}.Release|ARM64.ActiveCfg = Release|Any CPU
		{508D8DA4-D1C4-43A6-931E-DF6F015808D3}.Release|ARM64.Build.0 = Release|Any CPU
		{508D8DA4-D1C4-43A6-931E-DF6F015808D3}.Release|x64.ActiveCfg = Release|Any CPU
		{508D8DA4-D1C4-43A6-931E-DF6F015808D3}.Release|x64.Build.0 = Release|Any CPU
		{508D8DA4-D1C4-43A6-931E-DF6F015808D3}.Release|x86.ActiveCfg = Release|Any CPU
		{508D8DA4-D1C4-43A6-931E-DF6F015808D3}.Release|x86.Build.0 = Release|Any CPU
		{AFA94511-B5A8-46FA-B591-F8D399DFAFF3}.Debug|Any CPU.ActiveCfg = Debug|Any CPU
		{AFA94511-B5A8-46FA-B591-F8D399DFAFF3}.Debug|Any CPU.Build.0 = Debug|Any CPU
		{AFA94511-B5A8-46FA-B591-F8D399DFAFF3}.Debug|ARM.ActiveCfg = Debug|Any CPU
		{AFA94511-B5A8-46FA-B591-F8D399DFAFF3}.Debug|ARM.Build.0 = Debug|Any CPU
		{AFA94511-B5A8-46FA-B591-F8D399DFAFF3}.Debug|ARM64.ActiveCfg = Debug|Any CPU
		{AFA94511-B5A8-46FA-B591-F8D399DFAFF3}.Debug|ARM64.Build.0 = Debug|Any CPU
		{AFA94511-B5A8-46FA-B591-F8D399DFAFF3}.Debug|x64.ActiveCfg = Debug|Any CPU
		{AFA94511-B5A8-46FA-B591-F8D399DFAFF3}.Debug|x64.Build.0 = Debug|Any CPU
		{AFA94511-B5A8-46FA-B591-F8D399DFAFF3}.Debug|x86.ActiveCfg = Debug|Any CPU
		{AFA94511-B5A8-46FA-B591-F8D399DFAFF3}.Debug|x86.Build.0 = Debug|Any CPU
		{AFA94511-B5A8-46FA-B591-F8D399DFAFF3}.Release|Any CPU.ActiveCfg = Release|Any CPU
		{AFA94511-B5A8-46FA-B591-F8D399DFAFF3}.Release|Any CPU.Build.0 = Release|Any CPU
		{AFA94511-B5A8-46FA-B591-F8D399DFAFF3}.Release|ARM.ActiveCfg = Release|Any CPU
		{AFA94511-B5A8-46FA-B591-F8D399DFAFF3}.Release|ARM.Build.0 = Release|Any CPU
		{AFA94511-B5A8-46FA-B591-F8D399DFAFF3}.Release|ARM64.ActiveCfg = Release|Any CPU
		{AFA94511-B5A8-46FA-B591-F8D399DFAFF3}.Release|ARM64.Build.0 = Release|Any CPU
		{AFA94511-B5A8-46FA-B591-F8D399DFAFF3}.Release|x64.ActiveCfg = Release|Any CPU
		{AFA94511-B5A8-46FA-B591-F8D399DFAFF3}.Release|x64.Build.0 = Release|Any CPU
		{AFA94511-B5A8-46FA-B591-F8D399DFAFF3}.Release|x86.ActiveCfg = Release|Any CPU
		{AFA94511-B5A8-46FA-B591-F8D399DFAFF3}.Release|x86.Build.0 = Release|Any CPU
	EndGlobalSection
	GlobalSection(SolutionProperties) = preSolution
		HideSolutionNode = FALSE
	EndGlobalSection
	GlobalSection(ExtensibilityGlobals) = postSolution
		SolutionGuid = {C6B2AA0B-605B-4EEF-816D-0A0FE9617533}
	EndGlobalSection
EndGlobal
